
Microsoft Visual Studio Solution File, Format Version 12.00
# Visual Studio Version 16
VisualStudioVersion = 16.0.33529.622
MinimumVisualStudioVersion = 10.0.40219.1
Project("{FAE04EC0-301F-11D3-BF4B-00C04F79EFBC}") = "SolarSystemMario", "SolarSystemMario\SolarSystemMario.csproj", "{15535D71-AD3E-4C71-8644-E4A3C3344B3B}"
EndProject
Global
	GlobalSection(SolutionConfigurationPlatforms) = preSolution
		Debug|Any CPU = Debug|Any CPU
		Release|Any CPU = Release|Any CPU
	EndGlobalSection
	GlobalSection(ProjectConfigurationPlatforms) = postSolution
		{15535D71-AD3E-4C71-8644-E4A3C3344B3B}.Debug|Any CPU.ActiveCfg = Debug|Any CPU
		{15535D71-AD3E-4C71-8644-E4A3C3344B3B}.Debug|Any CPU.Build.0 = Debug|Any CPU
		{15535D71-AD3E-4C71-8644-E4A3C3344B3B}.Release|Any CPU.ActiveCfg = Release|Any CPU
		{15535D71-AD3E-4C71-8644-E4A3C3344B3B}.Release|Any CPU.Build.0 = Release|Any CPU
	EndGlobalSection
	GlobalSection(SolutionProperties) = preSolution
		HideSolutionNode = FALSE
	EndGlobalSection
	GlobalSection(ExtensibilityGlobals) = postSolution
		SolutionGuid = {4FAF2F31-FF27-45F0-94C1-AEFCF2AA7369}
	EndGlobalSection
EndGlobal
